
Microsoft Visual Studio Solution File, Format Version 12.00
# Visual Studio 15
VisualStudioVersion = 15.0.26403.3
MinimumVisualStudioVersion = 10.0.40219.1
Project("{FAE04EC0-301F-11D3-BF4B-00C04F79EFBC}") = "ClsWrkAnimalInterface", "ClsWrkAnimal\ClsWrkAnimalInterface.csproj", "{B571F77F-6F22-4E4F-8F98-1DAAB9EC1C27}"
EndProject
Global
	GlobalSection(SolutionConfigurationPlatforms) = preSolution
		Debug|Any CPU = Debug|Any CPU
		Release|Any CPU = Release|Any CPU
	EndGlobalSection
	GlobalSection(ProjectConfigurationPlatforms) = postSolution
		{B571F77F-6F22-4E4F-8F98-1DAAB9EC1C27}.Debug|Any CPU.ActiveCfg = Debug|Any CPU
		{B571F77F-6F22-4E4F-8F98-1DAAB9EC1C27}.Debug|Any CPU.Build.0 = Debug|Any CPU
		{B571F77F-6F22-4E4F-8F98-1DAAB9EC1C27}.Release|Any CPU.ActiveCfg = Release|Any CPU
		{B571F77F-6F22-4E4F-8F98-1DAAB9EC1C27}.Release|Any CPU.Build.0 = Release|Any CPU
	EndGlobalSection
	GlobalSection(SolutionProperties) = preSolution
		HideSolutionNode = FALSE
	EndGlobalSection
	GlobalSection(ExtensibilityGlobals) = postSolution
		SolutionGuid = {97C7E85C-AB9D-49BB-AC99-87C1AA0FC613}
	EndGlobalSection
EndGlobal
